
Microsoft Visual Studio Solution File, Format Version 12.00
# Visual Studio 15
VisualStudioVersion = 15.0.26730.12
MinimumVisualStudioVersion = 10.0.40219.1
Project("{FAE04EC0-301F-11D3-BF4B-00C04F79EFBC}") = "Domain0.WinService", "Domain0.WinService\Domain0.WinService.csproj", "{5F0E6CE3-CD4C-4D8B-91BA-56038635EE07}"
EndProject
Project("{FAE04EC0-301F-11D3-BF4B-00C04F79EFBC}") = "Domain0.Nancy", "Domain0.Nancy\Domain0.Nancy.csproj", "{B5D06024-A211-4154-BAC8-02A517EC391B}"
EndProject
Project("{2150E333-8FDC-42A3-9474-1A3956D46DE8}") = "Common", "Common", "{FBCC6624-3AFD-45BA-B57E-27935737657F}"
EndProject
Project("{FAE04EC0-301F-11D3-BF4B-00C04F79EFBC}") = "Sources", "..\src\Sources.csproj", "{88936828-D644-4910-A017-38E5F4A57DE4}"
EndProject
Project("{FAE04EC0-301F-11D3-BF4B-00C04F79EFBC}") = "Domain0.Database", "Domain0.Database\Domain0.Database.csproj", "{8910C188-8E74-4766-A266-BE6A7D6676BE}"
EndProject
Global
	GlobalSection(SolutionConfigurationPlatforms) = preSolution
		Debug|Any CPU = Debug|Any CPU
		Release|Any CPU = Release|Any CPU
	EndGlobalSection
	GlobalSection(ProjectConfigurationPlatforms) = postSolution
		{5F0E6CE3-CD4C-4D8B-91BA-56038635EE07}.Debug|Any CPU.ActiveCfg = Debug|Any CPU
		{5F0E6CE3-CD4C-4D8B-91BA-56038635EE07}.Debug|Any CPU.Build.0 = Debug|Any CPU
		{5F0E6CE3-CD4C-4D8B-91BA-56038635EE07}.Release|Any CPU.ActiveCfg = Release|Any CPU
		{5F0E6CE3-CD4C-4D8B-91BA-56038635EE07}.Release|Any CPU.Build.0 = Release|Any CPU
		{B5D06024-A211-4154-BAC8-02A517EC391B}.Debug|Any CPU.ActiveCfg = Debug|Any CPU
		{B5D06024-A211-4154-BAC8-02A517EC391B}.Debug|Any CPU.Build.0 = Debug|Any CPU
		{B5D06024-A211-4154-BAC8-02A517EC391B}.Release|Any CPU.ActiveCfg = Release|Any CPU
		{B5D06024-A211-4154-BAC8-02A517EC391B}.Release|Any CPU.Build.0 = Release|Any CPU
		{88936828-D644-4910-A017-38E5F4A57DE4}.Debug|Any CPU.ActiveCfg = Debug|Any CPU
		{88936828-D644-4910-A017-38E5F4A57DE4}.Debug|Any CPU.Build.0 = Debug|Any CPU
		{88936828-D644-4910-A017-38E5F4A57DE4}.Release|Any CPU.ActiveCfg = Release|Any CPU
		{88936828-D644-4910-A017-38E5F4A57DE4}.Release|Any CPU.Build.0 = Release|Any CPU
		{8910C188-8E74-4766-A266-BE6A7D6676BE}.Debug|Any CPU.ActiveCfg = Debug|Any CPU
		{8910C188-8E74-4766-A266-BE6A7D6676BE}.Debug|Any CPU.Build.0 = Debug|Any CPU
		{8910C188-8E74-4766-A266-BE6A7D6676BE}.Release|Any CPU.ActiveCfg = Release|Any CPU
		{8910C188-8E74-4766-A266-BE6A7D6676BE}.Release|Any CPU.Build.0 = Release|Any CPU
	EndGlobalSection
	GlobalSection(SolutionProperties) = preSolution
		HideSolutionNode = FALSE
	EndGlobalSection
	GlobalSection(NestedProjects) = preSolution
		{88936828-D644-4910-A017-38E5F4A57DE4} = {FBCC6624-3AFD-45BA-B57E-27935737657F}
	EndGlobalSection
	GlobalSection(ExtensibilityGlobals) = postSolution
		SolutionGuid = {A029A2A8-39B0-416B-8034-EB3EE5A7AC41}
	EndGlobalSection
EndGlobal
