
Microsoft Visual Studio Solution File, Format Version 12.00
# Visual Studio 15
VisualStudioVersion = 15.0.26730.12
MinimumVisualStudioVersion = 10.0.40219.1
Project("{FAE04EC0-301F-11D3-BF4B-00C04F79EFBC}") = "Domain0.WinService", "Domain0.WinService\Domain0.WinService.csproj", "{5F0E6CE3-CD4C-4D8B-91BA-56038635EE07}"
EndProject
Project("{FAE04EC0-301F-11D3-BF4B-00C04F79EFBC}") = "Domain0.Nancy", "Domain0.Nancy\Domain0.Nancy.csproj", "{B5D06024-A211-4154-BAC8-02A517EC391B}"
EndProject
Project("{2150E333-8FDC-42A3-9474-1A3956D46DE8}") = "Common", "Common", "{FBCC6624-3AFD-45BA-B57E-27935737657F}"
EndProject
Project("{FAE04EC0-301F-11D3-BF4B-00C04F79EFBC}") = "Sources", "..\src\Sources.csproj", "{88936828-D644-4910-A017-38E5F4A57DE4}"
EndProject
Project("{FAE04EC0-301F-11D3-BF4B-00C04F79EFBC}") = "Domain0.Test", "Domain0.Test\Domain0.Test.csproj", "{58BFF1F3-0490-4C84-8953-1127AE797A7B}"
EndProject
Project("{9A19103F-16F7-4668-BE54-9A1E7A4F7556}") = "Domain0.Api.Client", "Domain0.Api.Client\Domain0.Api.Client.csproj", "{2F642CF4-ABFC-41A5-BF1E-8DACABFC44F3}"
EndProject
Project("{FAE04EC0-301F-11D3-BF4B-00C04F79EFBC}") = "Domain0.Api.Client.Test", "Domain0.Api.Client.Test\Domain0.Api.Client.Test.csproj", "{83C8BD7E-4EF7-4267-98C6-45D5DD4AC76E}"
EndProject
Project("{9A19103F-16F7-4668-BE54-9A1E7A4F7556}") = "Domain0.Client.AuthContext", "Domain0.Client.AuthContext\Domain0.Client.AuthContext.csproj", "{60379E8A-050D-445B-9DA1-4C6D4B705A8C}"
EndProject
Project("{9A19103F-16F7-4668-BE54-9A1E7A4F7556}") = "Domain0.Auth.AspNet", "Domain0.Auth.AspNet\Domain0.Auth.AspNet.csproj", "{ADC9F4B5-9F91-480F-8FE3-AB8C947D5F8F}"
EndProject
Project("{2150E333-8FDC-42A3-9474-1A3956D46DE8}") = "Tests", "Tests", "{6210682C-9D1A-4E17-B61E-F0482C62D94B}"
EndProject
Project("{FAE04EC0-301F-11D3-BF4B-00C04F79EFBC}") = "Domain0.Auth.AspNet.NetFramework.Tests", "Domain0.Auth.AspNet.NetFramework.Tests\Domain0.Auth.AspNet.NetFramework.Tests.csproj", "{F4C67BA9-5A7F-4570-BBC5-0084FBC02AB9}"
EndProject
Project("{9A19103F-16F7-4668-BE54-9A1E7A4F7556}") = "Domain0.Auth.Nancy", "Domain0.Auth.Nancy\Domain0.Auth.Nancy.csproj", "{88D168D6-26AF-48A9-B269-729FEF6DF5B2}"
EndProject
Global
	GlobalSection(SolutionConfigurationPlatforms) = preSolution
		Debug|Any CPU = Debug|Any CPU
		Release|Any CPU = Release|Any CPU
	EndGlobalSection
	GlobalSection(ProjectConfigurationPlatforms) = postSolution
		{5F0E6CE3-CD4C-4D8B-91BA-56038635EE07}.Debug|Any CPU.ActiveCfg = Debug|Any CPU
		{5F0E6CE3-CD4C-4D8B-91BA-56038635EE07}.Debug|Any CPU.Build.0 = Debug|Any CPU
		{5F0E6CE3-CD4C-4D8B-91BA-56038635EE07}.Release|Any CPU.ActiveCfg = Release|Any CPU
		{5F0E6CE3-CD4C-4D8B-91BA-56038635EE07}.Release|Any CPU.Build.0 = Release|Any CPU
		{B5D06024-A211-4154-BAC8-02A517EC391B}.Debug|Any CPU.ActiveCfg = Debug|Any CPU
		{B5D06024-A211-4154-BAC8-02A517EC391B}.Debug|Any CPU.Build.0 = Debug|Any CPU
		{B5D06024-A211-4154-BAC8-02A517EC391B}.Release|Any CPU.ActiveCfg = Release|Any CPU
		{B5D06024-A211-4154-BAC8-02A517EC391B}.Release|Any CPU.Build.0 = Release|Any CPU
		{88936828-D644-4910-A017-38E5F4A57DE4}.Debug|Any CPU.ActiveCfg = Debug|Any CPU
		{88936828-D644-4910-A017-38E5F4A57DE4}.Debug|Any CPU.Build.0 = Debug|Any CPU
		{88936828-D644-4910-A017-38E5F4A57DE4}.Release|Any CPU.ActiveCfg = Release|Any CPU
		{88936828-D644-4910-A017-38E5F4A57DE4}.Release|Any CPU.Build.0 = Release|Any CPU
		{58BFF1F3-0490-4C84-8953-1127AE797A7B}.Debug|Any CPU.ActiveCfg = Debug|Any CPU
		{58BFF1F3-0490-4C84-8953-1127AE797A7B}.Debug|Any CPU.Build.0 = Debug|Any CPU
		{58BFF1F3-0490-4C84-8953-1127AE797A7B}.Release|Any CPU.ActiveCfg = Release|Any CPU
		{58BFF1F3-0490-4C84-8953-1127AE797A7B}.Release|Any CPU.Build.0 = Release|Any CPU
		{2F642CF4-ABFC-41A5-BF1E-8DACABFC44F3}.Debug|Any CPU.ActiveCfg = Debug|Any CPU
		{2F642CF4-ABFC-41A5-BF1E-8DACABFC44F3}.Debug|Any CPU.Build.0 = Debug|Any CPU
		{2F642CF4-ABFC-41A5-BF1E-8DACABFC44F3}.Release|Any CPU.ActiveCfg = Release|Any CPU
		{2F642CF4-ABFC-41A5-BF1E-8DACABFC44F3}.Release|Any CPU.Build.0 = Release|Any CPU
		{83C8BD7E-4EF7-4267-98C6-45D5DD4AC76E}.Debug|Any CPU.ActiveCfg = Debug|Any CPU
		{83C8BD7E-4EF7-4267-98C6-45D5DD4AC76E}.Debug|Any CPU.Build.0 = Debug|Any CPU
		{83C8BD7E-4EF7-4267-98C6-45D5DD4AC76E}.Release|Any CPU.ActiveCfg = Release|Any CPU
		{83C8BD7E-4EF7-4267-98C6-45D5DD4AC76E}.Release|Any CPU.Build.0 = Release|Any CPU
		{60379E8A-050D-445B-9DA1-4C6D4B705A8C}.Debug|Any CPU.ActiveCfg = Debug|Any CPU
		{60379E8A-050D-445B-9DA1-4C6D4B705A8C}.Debug|Any CPU.Build.0 = Debug|Any CPU
		{60379E8A-050D-445B-9DA1-4C6D4B705A8C}.Release|Any CPU.ActiveCfg = Release|Any CPU
		{60379E8A-050D-445B-9DA1-4C6D4B705A8C}.Release|Any CPU.Build.0 = Release|Any CPU
		{ADC9F4B5-9F91-480F-8FE3-AB8C947D5F8F}.Debug|Any CPU.ActiveCfg = Debug|Any CPU
		{ADC9F4B5-9F91-480F-8FE3-AB8C947D5F8F}.Debug|Any CPU.Build.0 = Debug|Any CPU
		{ADC9F4B5-9F91-480F-8FE3-AB8C947D5F8F}.Release|Any CPU.ActiveCfg = Release|Any CPU
		{ADC9F4B5-9F91-480F-8FE3-AB8C947D5F8F}.Release|Any CPU.Build.0 = Release|Any CPU
		{F4C67BA9-5A7F-4570-BBC5-0084FBC02AB9}.Debug|Any CPU.ActiveCfg = Debug|Any CPU
		{F4C67BA9-5A7F-4570-BBC5-0084FBC02AB9}.Debug|Any CPU.Build.0 = Debug|Any CPU
		{F4C67BA9-5A7F-4570-BBC5-0084FBC02AB9}.Release|Any CPU.ActiveCfg = Release|Any CPU
		{F4C67BA9-5A7F-4570-BBC5-0084FBC02AB9}.Release|Any CPU.Build.0 = Release|Any CPU
		{88D168D6-26AF-48A9-B269-729FEF6DF5B2}.Debug|Any CPU.ActiveCfg = Debug|Any CPU
		{88D168D6-26AF-48A9-B269-729FEF6DF5B2}.Debug|Any CPU.Build.0 = Debug|Any CPU
		{88D168D6-26AF-48A9-B269-729FEF6DF5B2}.Release|Any CPU.ActiveCfg = Release|Any CPU
		{88D168D6-26AF-48A9-B269-729FEF6DF5B2}.Release|Any CPU.Build.0 = Release|Any CPU
	EndGlobalSection
	GlobalSection(SolutionProperties) = preSolution
		HideSolutionNode = FALSE
	EndGlobalSection
	GlobalSection(NestedProjects) = preSolution
		{88936828-D644-4910-A017-38E5F4A57DE4} = {FBCC6624-3AFD-45BA-B57E-27935737657F}
		{58BFF1F3-0490-4C84-8953-1127AE797A7B} = {6210682C-9D1A-4E17-B61E-F0482C62D94B}
		{83C8BD7E-4EF7-4267-98C6-45D5DD4AC76E} = {6210682C-9D1A-4E17-B61E-F0482C62D94B}
		{F4C67BA9-5A7F-4570-BBC5-0084FBC02AB9} = {6210682C-9D1A-4E17-B61E-F0482C62D94B}
	EndGlobalSection
	GlobalSection(ExtensibilityGlobals) = postSolution
		SolutionGuid = {A029A2A8-39B0-416B-8034-EB3EE5A7AC41}
	EndGlobalSection
EndGlobal
