
Microsoft Visual Studio Solution File, Format Version 12.00
# Visual Studio 15
VisualStudioVersion = 15.0.26730.12
MinimumVisualStudioVersion = 10.0.40219.1
Project("{FAE04EC0-301F-11D3-BF4B-00C04F79EFBC}") = "Sdl.Domain0", "Sdl.Domain0\Sdl.Domain0.csproj", "{4CE01983-EB0E-40E3-9135-264F36630B9E}"
EndProject
Project("{FAE04EC0-301F-11D3-BF4B-00C04F79EFBC}") = "Sdl.Domain0.Nancy", "Sdl.Domain0.Nancy\Sdl.Domain0.Nancy.csproj", "{5B7BE2F5-AFDC-43B5-8135-CF8B69EB7906}"
EndProject
Project("{FAE04EC0-301F-11D3-BF4B-00C04F79EFBC}") = "Sdl.Topshelf.Nancy", "Sdl.Topshelf.Nancy\Sdl.Topshelf.Nancy.csproj", "{C6B72AB7-8249-4B8F-B0BF-8832E6F6F8B1}"
EndProject
Global
	GlobalSection(SolutionConfigurationPlatforms) = preSolution
		Debug|Any CPU = Debug|Any CPU
		Release|Any CPU = Release|Any CPU
	EndGlobalSection
	GlobalSection(ProjectConfigurationPlatforms) = postSolution
		{4CE01983-EB0E-40E3-9135-264F36630B9E}.Debug|Any CPU.ActiveCfg = Debug|Any CPU
		{4CE01983-EB0E-40E3-9135-264F36630B9E}.Debug|Any CPU.Build.0 = Debug|Any CPU
		{4CE01983-EB0E-40E3-9135-264F36630B9E}.Release|Any CPU.ActiveCfg = Release|Any CPU
		{4CE01983-EB0E-40E3-9135-264F36630B9E}.Release|Any CPU.Build.0 = Release|Any CPU
		{5B7BE2F5-AFDC-43B5-8135-CF8B69EB7906}.Debug|Any CPU.ActiveCfg = Debug|Any CPU
		{5B7BE2F5-AFDC-43B5-8135-CF8B69EB7906}.Debug|Any CPU.Build.0 = Debug|Any CPU
		{5B7BE2F5-AFDC-43B5-8135-CF8B69EB7906}.Release|Any CPU.ActiveCfg = Release|Any CPU
		{5B7BE2F5-AFDC-43B5-8135-CF8B69EB7906}.Release|Any CPU.Build.0 = Release|Any CPU
		{C6B72AB7-8249-4B8F-B0BF-8832E6F6F8B1}.Debug|Any CPU.ActiveCfg = Debug|Any CPU
		{C6B72AB7-8249-4B8F-B0BF-8832E6F6F8B1}.Debug|Any CPU.Build.0 = Debug|Any CPU
		{C6B72AB7-8249-4B8F-B0BF-8832E6F6F8B1}.Release|Any CPU.ActiveCfg = Release|Any CPU
		{C6B72AB7-8249-4B8F-B0BF-8832E6F6F8B1}.Release|Any CPU.Build.0 = Release|Any CPU
	EndGlobalSection
	GlobalSection(SolutionProperties) = preSolution
		HideSolutionNode = FALSE
	EndGlobalSection
	GlobalSection(ExtensibilityGlobals) = postSolution
		SolutionGuid = {A029A2A8-39B0-416B-8034-EB3EE5A7AC41}
	EndGlobalSection
EndGlobal
